
Microsoft Visual Studio Solution File, Format Version 12.00
# Visual Studio Version 16
VisualStudioVersion = 25.0.1706.12
MinimumVisualStudioVersion = 10.0.40219.1
Project("{FAE04EC0-301F-11D3-BF4B-00C04F79EFBC}") = "test-hyundai-backend", "test-hyundai-backend\test-hyundai-backend.csproj", "{9C158F35-68AE-41F2-B9D0-318E20774783}"
EndProject
Global
	GlobalSection(SolutionConfigurationPlatforms) = preSolution
		Debug|Any CPU = Debug|Any CPU
		Release|Any CPU = Release|Any CPU
	EndGlobalSection
	GlobalSection(ProjectConfigurationPlatforms) = postSolution
		{9C158F35-68AE-41F2-B9D0-318E20774783}.Debug|Any CPU.ActiveCfg = Debug|Any CPU
		{9C158F35-68AE-41F2-B9D0-318E20774783}.Debug|Any CPU.Build.0 = Debug|Any CPU
		{9C158F35-68AE-41F2-B9D0-318E20774783}.Release|Any CPU.ActiveCfg = Release|Any CPU
		{9C158F35-68AE-41F2-B9D0-318E20774783}.Release|Any CPU.Build.0 = Release|Any CPU
	EndGlobalSection
	GlobalSection(SolutionProperties) = preSolution
		HideSolutionNode = FALSE
	EndGlobalSection
	GlobalSection(ExtensibilityGlobals) = postSolution
		SolutionGuid = {F682160F-6258-478A-ADED-ACFD4C838BEC}
	EndGlobalSection
EndGlobal
